// !$*UTF8*$!
{
	archiveVersion = 1;
	classes = {
	};
	objectVersion = 56;
	objects = {

/* Begin PBXBuildFile section */
		CF53C1F82AC8A5C900AD11A9 /* WealthDoneApp.swift in Sources */ = {isa = PBXBuildFile; fileRef = CF53C1F72AC8A5C900AD11A9 /* WealthDoneApp.swift */; };
		CF53C1FA2AC8A5C900AD11A9 /* ContentView.swift in Sources */ = {isa = PBXBuildFile; fileRef = CF53C1F92AC8A5C900AD11A9 /* ContentView.swift */; };
		CF53C1FC2AC8A5CA00AD11A9 /* Assets.xcassets in Resources */ = {isa = PBXBuildFile; fileRef = CF53C1FB2AC8A5CA00AD11A9 /* Assets.xcassets */; };
		CF53C1FF2AC8A5CA00AD11A9 /* Preview Assets.xcassets in Resources */ = {isa = PBXBuildFile; fileRef = CF53C1FE2AC8A5CA00AD11A9 /* Preview Assets.xcassets */; };
		CF53C2092AC8A5CA00AD11A9 /* WealthDoneTests.swift in Sources */ = {isa = PBXBuildFile; fileRef = CF53C2082AC8A5CA00AD11A9 /* WealthDoneTests.swift */; };
		CF53C2132AC8A5CA00AD11A9 /* WealthDoneUITests.swift in Sources */ = {isa = PBXBuildFile; fileRef = CF53C2122AC8A5CA00AD11A9 /* WealthDoneUITests.swift */; };
		CF53C2152AC8A5CA00AD11A9 /* WealthDoneUITestsLaunchTests.swift in Sources */ = {isa = PBXBuildFile; fileRef = CF53C2142AC8A5CA00AD11A9 /* WealthDoneUITestsLaunchTests.swift */; };
/* End PBXBuildFile section */

/* Begin PBXContainerItemProxy section */
		CF53C2052AC8A5CA00AD11A9 /* PBXContainerItemProxy */ = {
			isa = PBXContainerItemProxy;
			containerPortal = CF53C1EC2AC8A5C900AD11A9 /* Project object */;
			proxyType = 1;
			remoteGlobalIDString = CF53C1F32AC8A5C900AD11A9;
			remoteInfo = WealthDone;
		};
		CF53C20F2AC8A5CA00AD11A9 /* PBXContainerItemProxy */ = {
			isa = PBXContainerItemProxy;
			containerPortal = CF53C1EC2AC8A5C900AD11A9 /* Project object */;
			proxyType = 1;
			remoteGlobalIDString = CF53C1F32AC8A5C900AD11A9;
			remoteInfo = WealthDone;
		};
/* End PBXContainerItemProxy section */

/* Begin PBXFileReference section */
		CF53C1F42AC8A5C900AD11A9 /* WealthDone.app */ = {isa = PBXFileReference; explicitFileType = wrapper.application; includeInIndex = 0; path = WealthDone.app; sourceTree = BUILT_PRODUCTS_DIR; };
		CF53C1F72AC8A5C900AD11A9 /* WealthDoneApp.swift */ = {isa = PBXFileReference; lastKnownFileType = sourcecode.swift; path = WealthDoneApp.swift; sourceTree = "<group>"; };
		CF53C1F92AC8A5C900AD11A9 /* ContentView.swift */ = {isa = PBXFileReference; lastKnownFileType = sourcecode.swift; path = ContentView.swift; sourceTree = "<group>"; };
		CF53C1FB2AC8A5CA00AD11A9 /* Assets.xcassets */ = {isa = PBXFileReference; lastKnownFileType = folder.assetcatalog; path = Assets.xcassets; sourceTree = "<group>"; };
		CF53C1FE2AC8A5CA00AD11A9 /* Preview Assets.xcassets */ = {isa = PBXFileReference; lastKnownFileType = folder.assetcatalog; path = "Preview Assets.xcassets"; sourceTree = "<group>"; };
		CF53C2042AC8A5CA00AD11A9 /* WealthDoneTests.xctest */ = {isa = PBXFileReference; explicitFileType = wrapper.cfbundle; includeInIndex = 0; path = WealthDoneTests.xctest; sourceTree = BUILT_PRODUCTS_DIR; };
		CF53C2082AC8A5CA00AD11A9 /* WealthDoneTests.swift */ = {isa = PBXFileReference; lastKnownFileType = sourcecode.swift; path = WealthDoneTests.swift; sourceTree = "<group>"; };
		CF53C20E2AC8A5CA00AD11A9 /* WealthDoneUITests.xctest */ = {isa = PBXFileReference; explicitFileType = wrapper.cfbundle; includeInIndex = 0; path = WealthDoneUITests.xctest; sourceTree = BUILT_PRODUCTS_DIR; };
		CF53C2122AC8A5CA00AD11A9 /* WealthDoneUITests.swift */ = {isa = PBXFileReference; lastKnownFileType = sourcecode.swift; path = WealthDoneUITests.swift; sourceTree = "<group>"; };
		CF53C2142AC8A5CA00AD11A9 /* WealthDoneUITestsLaunchTests.swift */ = {isa = PBXFileReference; lastKnownFileType = sourcecode.swift; path = WealthDoneUITestsLaunchTests.swift; sourceTree = "<group>"; };
/* End PBXFileReference section */

/* Begin PBXFrameworksBuildPhase section */
		CF53C1F12AC8A5C900AD11A9 /* Frameworks */ = {
			isa = PBXFrameworksBuildPhase;
			buildActionMask = 2147483647;
			files = (
			);
			runOnlyForDeploymentPostprocessing = 0;
		};
		CF53C2012AC8A5CA00AD11A9 /* Frameworks */ = {
			isa = PBXFrameworksBuildPhase;
			buildActionMask = 2147483647;
			files = (
			);
			runOnlyForDeploymentPostprocessing = 0;
		};
		CF53C20B2AC8A5CA00AD11A9 /* Frameworks */ = {
			isa = PBXFrameworksBuildPhase;
			buildActionMask = 2147483647;
			files = (
			);
			runOnlyForDeploymentPostprocessing = 0;
		};
/* End PBXFrameworksBuildPhase section */

/* Begin PBXGroup section */
		CF53C1EB2AC8A5C900AD11A9 = {
			isa = PBXGroup;
			children = (
				CF53C1F62AC8A5C900AD11A9 /* WealthDone */,
				CF53C2072AC8A5CA00AD11A9 /* WealthDoneTests */,
				CF53C2112AC8A5CA00AD11A9 /* WealthDoneUITests */,
				CF53C1F52AC8A5C900AD11A9 /* Products */,
			);
			sourceTree = "<group>";
		};
		CF53C1F52AC8A5C900AD11A9 /* Products */ = {
			isa = PBXGroup;
			children = (
				CF53C1F42AC8A5C900AD11A9 /* WealthDone.app */,
				CF53C2042AC8A5CA00AD11A9 /* WealthDoneTests.xctest */,
				CF53C20E2AC8A5CA00AD11A9 /* WealthDoneUITests.xctest */,
			);
			name = Products;
			sourceTree = "<group>";
		};
		CF53C1F62AC8A5C900AD11A9 /* WealthDone */ = {
			isa = PBXGroup;
			children = (
				CF53C1F72AC8A5C900AD11A9 /* WealthDoneApp.swift */,
				CF53C1F92AC8A5C900AD11A9 /* ContentView.swift */,
				CF53C1FB2AC8A5CA00AD11A9 /* Assets.xcassets */,
				CF53C1FD2AC8A5CA00AD11A9 /* Preview Content */,
			);
			path = WealthDone;
			sourceTree = "<group>";
		};
		CF53C1FD2AC8A5CA00AD11A9 /* Preview Content */ = {
			isa = PBXGroup;
			children = (
				CF53C1FE2AC8A5CA00AD11A9 /* Preview Assets.xcassets */,
			);
			path = "Preview Content";
			sourceTree = "<group>";
		};
		CF53C2072AC8A5CA00AD11A9 /* WealthDoneTests */ = {
			isa = PBXGroup;
			children = (
				CF53C2082AC8A5CA00AD11A9 /* WealthDoneTests.swift */,
			);
			path = WealthDoneTests;
			sourceTree = "<group>";
		};
		CF53C2112AC8A5CA00AD11A9 /* WealthDoneUITests */ = {
			isa = PBXGroup;
			children = (
				CF53C2122AC8A5CA00AD11A9 /* WealthDoneUITests.swift */,
				CF53C2142AC8A5CA00AD11A9 /* WealthDoneUITestsLaunchTests.swift */,
			);
			path = WealthDoneUITests;
			sourceTree = "<group>";
		};
/* End PBXGroup section */

/* Begin PBXNativeTarget section */
		CF53C1F32AC8A5C900AD11A9 /* WealthDone */ = {
			isa = PBXNativeTarget;
			buildConfigurationList = CF53C2182AC8A5CA00AD11A9 /* Build configuration list for PBXNativeTarget "WealthDone" */;
			buildPhases = (
				CF53C1F02AC8A5C900AD11A9 /* Sources */,
				CF53C1F12AC8A5C900AD11A9 /* Frameworks */,
				CF53C1F22AC8A5C900AD11A9 /* Resources */,
			);
			buildRules = (
			);
			dependencies = (
			);
			name = WealthDone;
			productName = WealthDone;
			productReference = CF53C1F42AC8A5C900AD11A9 /* WealthDone.app */;
			productType = "com.apple.product-type.application";
		};
		CF53C2032AC8A5CA00AD11A9 /* WealthDoneTests */ = {
			isa = PBXNativeTarget;
			buildConfigurationList = CF53C21B2AC8A5CA00AD11A9 /* Build configuration list for PBXNativeTarget "WealthDoneTests" */;
			buildPhases = (
				CF53C2002AC8A5CA00AD11A9 /* Sources */,
				CF53C2012AC8A5CA00AD11A9 /* Frameworks */,
				CF53C2022AC8A5CA00AD11A9 /* Resources */,
			);
			buildRules = (
			);
			dependencies = (
				CF53C2062AC8A5CA00AD11A9 /* PBXTargetDependency */,
			);
			name = WealthDoneTests;
			productName = WealthDoneTests;
			productReference = CF53C2042AC8A5CA00AD11A9 /* WealthDoneTests.xctest */;
			productType = "com.apple.product-type.bundle.unit-test";
		};
		CF53C20D2AC8A5CA00AD11A9 /* WealthDoneUITests */ = {
			isa = PBXNativeTarget;
			buildConfigurationList = CF53C21E2AC8A5CA00AD11A9 /* Build configuration list for PBXNativeTarget "WealthDoneUITests" */;
			buildPhases = (
				CF53C20A2AC8A5CA00AD11A9 /* Sources */,
				CF53C20B2AC8A5CA00AD11A9 /* Frameworks */,
				CF53C20C2AC8A5CA00AD11A9 /* Resources */,
			);
			buildRules = (
			);
			dependencies = (
				CF53C2102AC8A5CA00AD11A9 /* PBXTargetDependency */,
			);
			name = WealthDoneUITests;
			productName = WealthDoneUITests;
			productReference = CF53C20E2AC8A5CA00AD11A9 /* WealthDoneUITests.xctest */;
			productType = "com.apple.product-type.bundle.ui-testing";
		};
/* End PBXNativeTarget section */

/* Begin PBXProject section */
		CF53C1EC2AC8A5C900AD11A9 /* Project object */ = {
			isa = PBXProject;
			attributes = {
				BuildIndependentTargetsInParallel = 1;
				LastSwiftUpdateCheck = 1500;
				LastUpgradeCheck = 1500;
				TargetAttributes = {
					CF53C1F32AC8A5C900AD11A9 = {
						CreatedOnToolsVersion = 15.0;
					};
					CF53C2032AC8A5CA00AD11A9 = {
						CreatedOnToolsVersion = 15.0;
						TestTargetID = CF53C1F32AC8A5C900AD11A9;
					};
					CF53C20D2AC8A5CA00AD11A9 = {
						CreatedOnToolsVersion = 15.0;
						TestTargetID = CF53C1F32AC8A5C900AD11A9;
					};
				};
			};
			buildConfigurationList = CF53C1EF2AC8A5C900AD11A9 /* Build configuration list for PBXProject "WealthDone" */;
			compatibilityVersion = "Xcode 14.0";
			developmentRegion = en;
			hasScannedForEncodings = 0;
			knownRegions = (
				en,
				Base,
			);
			mainGroup = CF53C1EB2AC8A5C900AD11A9;
			productRefGroup = CF53C1F52AC8A5C900AD11A9 /* Products */;
			projectDirPath = "";
			projectRoot = "";
			targets = (
				CF53C1F32AC8A5C900AD11A9 /* WealthDone */,
				CF53C2032AC8A5CA00AD11A9 /* WealthDoneTests */,
				CF53C20D2AC8A5CA00AD11A9 /* WealthDoneUITests */,
			);
		};
/* End PBXProject section */

/* Begin PBXResourcesBuildPhase section */
		CF53C1F22AC8A5C900AD11A9 /* Resources */ = {
			isa = PBXResourcesBuildPhase;
			buildActionMask = 2147483647;
			files = (
				CF53C1FF2AC8A5CA00AD11A9 /* Preview Assets.xcassets in Resources */,
				CF53C1FC2AC8A5CA00AD11A9 /* Assets.xcassets in Resources */,
			);
			runOnlyForDeploymentPostprocessing = 0;
		};
		CF53C2022AC8A5CA00AD11A9 /* Resources */ = {
			isa = PBXResourcesBuildPhase;
			buildActionMask = 2147483647;
			files = (
			);
			runOnlyForDeploymentPostprocessing = 0;
		};
		CF53C20C2AC8A5CA00AD11A9 /* Resources */ = {
			isa = PBXResourcesBuildPhase;
			buildActionMask = 2147483647;
			files = (
			);
			runOnlyForDeploymentPostprocessing = 0;
		};
/* End PBXResourcesBuildPhase section */

/* Begin PBXSourcesBuildPhase section */
		CF53C1F02AC8A5C900AD11A9 /* Sources */ = {
			isa = PBXSourcesBuildPhase;
			buildActionMask = 2147483647;
			files = (
				CF53C1FA2AC8A5C900AD11A9 /* ContentView.swift in Sources */,
				CF53C1F82AC8A5C900AD11A9 /* WealthDoneApp.swift in Sources */,
			);
			runOnlyForDeploymentPostprocessing = 0;
		};
		CF53C2002AC8A5CA00AD11A9 /* Sources */ = {
			isa = PBXSourcesBuildPhase;
			buildActionMask = 2147483647;
			files = (
				CF53C2092AC8A5CA00AD11A9 /* WealthDoneTests.swift in Sources */,
			);
			runOnlyForDeploymentPostprocessing = 0;
		};
		CF53C20A2AC8A5CA00AD11A9 /* Sources */ = {
			isa = PBXSourcesBuildPhase;
			buildActionMask = 2147483647;
			files = (
				CF53C2132AC8A5CA00AD11A9 /* WealthDoneUITests.swift in Sources */,
				CF53C2152AC8A5CA00AD11A9 /* WealthDoneUITestsLaunchTests.swift in Sources */,
			);
			runOnlyForDeploymentPostprocessing = 0;
		};
/* End PBXSourcesBuildPhase section */

/* Begin PBXTargetDependency section */
		CF53C2062AC8A5CA00AD11A9 /* PBXTargetDependency */ = {
			isa = PBXTargetDependency;
			target = CF53C1F32AC8A5C900AD11A9 /* WealthDone */;
			targetProxy = CF53C2052AC8A5CA00AD11A9 /* PBXContainerItemProxy */;
		};
		CF53C2102AC8A5CA00AD11A9 /* PBXTargetDependency */ = {
			isa = PBXTargetDependency;
			target = CF53C1F32AC8A5C900AD11A9 /* WealthDone */;
			targetProxy = CF53C20F2AC8A5CA00AD11A9 /* PBXContainerItemProxy */;
		};
/* End PBXTargetDependency section */

/* Begin XCBuildConfiguration section */
		CF53C2162AC8A5CA00AD11A9 /* Debug */ = {
			isa = XCBuildConfiguration;
			buildSettings = {
				ALWAYS_SEARCH_USER_PATHS = NO;
				ASSETCATALOG_COMPILER_GENERATE_SWIFT_ASSET_SYMBOL_EXTENSIONS = YES;
				CLANG_ANALYZER_NONNULL = YES;
				CLANG_ANALYZER_NUMBER_OBJECT_CONVERSION = YES_AGGRESSIVE;
				CLANG_CXX_LANGUAGE_STANDARD = "gnu++20";
				CLANG_ENABLE_MODULES = YES;
				CLANG_ENABLE_OBJC_ARC = YES;
				CLANG_ENABLE_OBJC_WEAK = YES;
				CLANG_WARN_BLOCK_CAPTURE_AUTORELEASING = YES;
				CLANG_WARN_BOOL_CONVERSION = YES;
				CLANG_WARN_COMMA = YES;
				CLANG_WARN_CONSTANT_CONVERSION = YES;
				CLANG_WARN_DEPRECATED_OBJC_IMPLEMENTATIONS = YES;
				CLANG_WARN_DIRECT_OBJC_ISA_USAGE = YES_ERROR;
				CLANG_WARN_DOCUMENTATION_COMMENTS = YES;
				CLANG_WARN_EMPTY_BODY = YES;
				CLANG_WARN_ENUM_CONVERSION = YES;
				CLANG_WARN_INFINITE_RECURSION = YES;
				CLANG_WARN_INT_CONVERSION = YES;
				CLANG_WARN_NON_LITERAL_NULL_CONVERSION = YES;
				CLANG_WARN_OBJC_IMPLICIT_RETAIN_SELF = YES;
				CLANG_WARN_OBJC_LITERAL_CONVERSION = YES;
				CLANG_WARN_OBJC_ROOT_CLASS = YES_ERROR;
				CLANG_WARN_QUOTED_INCLUDE_IN_FRAMEWORK_HEADER = YES;
				CLANG_WARN_RANGE_LOOP_ANALYSIS = YES;
				CLANG_WARN_STRICT_PROTOTYPES = YES;
				CLANG_WARN_SUSPICIOUS_MOVE = YES;
				CLANG_WARN_UNGUARDED_AVAILABILITY = YES_AGGRESSIVE;
				CLANG_WARN_UNREACHABLE_CODE = YES;
				CLANG_WARN__DUPLICATE_METHOD_MATCH = YES;
				COPY_PHASE_STRIP = NO;
				DEBUG_INFORMATION_FORMAT = dwarf;
				ENABLE_STRICT_OBJC_MSGSEND = YES;
				ENABLE_TESTABILITY = YES;
				ENABLE_USER_SCRIPT_SANDBOXING = YES;
				GCC_C_LANGUAGE_STANDARD = gnu17;
				GCC_DYNAMIC_NO_PIC = NO;
				GCC_NO_COMMON_BLOCKS = YES;
				GCC_OPTIMIZATION_LEVEL = 0;
				GCC_PREPROCESSOR_DEFINITIONS = (
					"DEBUG=1",
					"$(inherited)",
				);
				GCC_WARN_64_TO_32_BIT_CONVERSION = YES;
				GCC_WARN_ABOUT_RETURN_TYPE = YES_ERROR;
				GCC_WARN_UNDECLARED_SELECTOR = YES;
				GCC_WARN_UNINITIALIZED_AUTOS = YES_AGGRESSIVE;
				GCC_WARN_UNUSED_FUNCTION = YES;
				GCC_WARN_UNUSED_VARIABLE = YES;
				IPHONEOS_DEPLOYMENT_TARGET = 17.0;
				LOCALIZATION_PREFERS_STRING_CATALOGS = YES;
				MTL_ENABLE_DEBUG_INFO = INCLUDE_SOURCE;
				MTL_FAST_MATH = YES;
				ONLY_ACTIVE_ARCH = YES;
				SDKROOT = iphoneos;
				SWIFT_ACTIVE_COMPILATION_CONDITIONS = "DEBUG $(inherited)";
				SWIFT_OPTIMIZATION_LEVEL = "-Onone";
			};
			name = Debug;
		};
		CF53C2172AC8A5CA00AD11A9 /* Release */ = {
			isa = XCBuildConfiguration;
			buildSettings = {
				ALWAYS_SEARCH_USER_PATHS = NO;
				ASSETCATALOG_COMPILER_GENERATE_SWIFT_ASSET_SYMBOL_EXTENSIONS = YES;
				CLANG_ANALYZER_NONNULL = YES;
				CLANG_ANALYZER_NUMBER_OBJECT_CONVERSION = YES_AGGRESSIVE;
				CLANG_CXX_LANGUAGE_STANDARD = "gnu++20";
				CLANG_ENABLE_MODULES = YES;
				CLANG_ENABLE_OBJC_ARC = YES;
				CLANG_ENABLE_OBJC_WEAK = YES;
				CLANG_WARN_BLOCK_CAPTURE_AUTORELEASING = YES;
				CLANG_WARN_BOOL_CONVERSION = YES;
				CLANG_WARN_COMMA = YES;
				CLANG_WARN_CONSTANT_CONVERSION = YES;
				CLANG_WARN_DEPRECATED_OBJC_IMPLEMENTATIONS = YES;
				CLANG_WARN_DIRECT_OBJC_ISA_USAGE = YES_ERROR;
				CLANG_WARN_DOCUMENTATION_COMMENTS = YES;
				CLANG_WARN_EMPTY_BODY = YES;
				CLANG_WARN_ENUM_CONVERSION = YES;
				CLANG_WARN_INFINITE_RECURSION = YES;
				CLANG_WARN_INT_CONVERSION = YES;
				CLANG_WARN_NON_LITERAL_NULL_CONVERSION = YES;
				CLANG_WARN_OBJC_IMPLICIT_RETAIN_SELF = YES;
				CLANG_WARN_OBJC_LITERAL_CONVERSION = YES;
				CLANG_WARN_OBJC_ROOT_CLASS = YES_ERROR;
				CLANG_WARN_QUOTED_INCLUDE_IN_FRAMEWORK_HEADER = YES;
				CLANG_WARN_RANGE_LOOP_ANALYSIS = YES;
				CLANG_WARN_STRICT_PROTOTYPES = YES;
				CLANG_WARN_SUSPICIOUS_MOVE = YES;
				CLANG_WARN_UNGUARDED_AVAILABILITY = YES_AGGRESSIVE;
				CLANG_WARN_UNREACHABLE_CODE = YES;
				CLANG_WARN__DUPLICATE_METHOD_MATCH = YES;
				COPY_PHASE_STRIP = NO;
				DEBUG_INFORMATION_FORMAT = "dwarf-with-dsym";
				ENABLE_NS_ASSERTIONS = NO;
				ENABLE_STRICT_OBJC_MSGSEND = YES;
				ENABLE_USER_SCRIPT_SANDBOXING = YES;
				GCC_C_LANGUAGE_STANDARD = gnu17;
				GCC_NO_COMMON_BLOCKS = YES;
				GCC_WARN_64_TO_32_BIT_CONVERSION = YES;
				GCC_WARN_ABOUT_RETURN_TYPE = YES_ERROR;
				GCC_WARN_UNDECLARED_SELECTOR = YES;
				GCC_WARN_UNINITIALIZED_AUTOS = YES_AGGRESSIVE;
				GCC_WARN_UNUSED_FUNCTION = YES;
				GCC_WARN_UNUSED_VARIABLE = YES;
				IPHONEOS_DEPLOYMENT_TARGET = 17.0;
				LOCALIZATION_PREFERS_STRING_CATALOGS = YES;
				MTL_ENABLE_DEBUG_INFO = NO;
				MTL_FAST_MATH = YES;
				SDKROOT = iphoneos;
				SWIFT_COMPILATION_MODE = wholemodule;
				VALIDATE_PRODUCT = YES;
			};
			name = Release;
		};
		CF53C2192AC8A5CA00AD11A9 /* Debug */ = {
			isa = XCBuildConfiguration;
			buildSettings = {
				ASSETCATALOG_COMPILER_APPICON_NAME = AppIcon;
				ASSETCATALOG_COMPILER_GLOBAL_ACCENT_COLOR_NAME = AccentColor;
				CODE_SIGN_STYLE = Automatic;
				CURRENT_PROJECT_VERSION = 1;
				DEVELOPMENT_ASSET_PATHS = "\"WealthDone/Preview Content\"";
				ENABLE_PREVIEWS = YES;
				GENERATE_INFOPLIST_FILE = YES;
				INFOPLIST_KEY_UIApplicationSceneManifest_Generation = YES;
				INFOPLIST_KEY_UIApplicationSupportsIndirectInputEvents = YES;
				INFOPLIST_KEY_UILaunchScreen_Generation = YES;
				INFOPLIST_KEY_UISupportedInterfaceOrientations_iPad = "UIInterfaceOrientationPortrait UIInterfaceOrientationPortraitUpsideDown UIInterfaceOrientationLandscapeLeft UIInterfaceOrientationLandscapeRight";
				INFOPLIST_KEY_UISupportedInterfaceOrientations_iPhone = "UIInterfaceOrientationPortrait UIInterfaceOrientationLandscapeLeft UIInterfaceOrientationLandscapeRight";
				LD_RUNPATH_SEARCH_PATHS = (
					"$(inherited)",
					"@executable_path/Frameworks",
				);
				MARKETING_VERSION = 1.0;
				PRODUCT_BUNDLE_IDENTIFIER = tvu.WealthDone;
				PRODUCT_NAME = "$(TARGET_NAME)";
				SWIFT_EMIT_LOC_STRINGS = YES;
				SWIFT_VERSION = 5.0;
				TARGETED_DEVICE_FAMILY = "1,2";
			};
			name = Debug;
		};
		CF53C21A2AC8A5CA00AD11A9 /* Release */ = {
			isa = XCBuildConfiguration;
			buildSettings = {
				ASSETCATALOG_COMPILER_APPICON_NAME = AppIcon;
				ASSETCATALOG_COMPILER_GLOBAL_ACCENT_COLOR_NAME = AccentColor;
				CODE_SIGN_STYLE = Automatic;
				CURRENT_PROJECT_VERSION = 1;
				DEVELOPMENT_ASSET_PATHS = "\"WealthDone/Preview Content\"";
				ENABLE_PREVIEWS = YES;
				GENERATE_INFOPLIST_FILE = YES;
				INFOPLIST_KEY_UIApplicationSceneManifest_Generation = YES;
				INFOPLIST_KEY_UIApplicationSupportsIndirectInputEvents = YES;
				INFOPLIST_KEY_UILaunchScreen_Generation = YES;
				INFOPLIST_KEY_UISupportedInterfaceOrientations_iPad = "UIInterfaceOrientationPortrait UIInterfaceOrientationPortraitUpsideDown UIInterfaceOrientationLandscapeLeft UIInterfaceOrientationLandscapeRight";
				INFOPLIST_KEY_UISupportedInterfaceOrientations_iPhone = "UIInterfaceOrientationPortrait UIInterfaceOrientationLandscapeLeft UIInterfaceOrientationLandscapeRight";
				LD_RUNPATH_SEARCH_PATHS = (
					"$(inherited)",
					"@executable_path/Frameworks",
				);
				MARKETING_VERSION = 1.0;
				PRODUCT_BUNDLE_IDENTIFIER = tvu.WealthDone;
				PRODUCT_NAME = "$(TARGET_NAME)";
				SWIFT_EMIT_LOC_STRINGS = YES;
				SWIFT_VERSION = 5.0;
				TARGETED_DEVICE_FAMILY = "1,2";
			};
			name = Release;
		};
		CF53C21C2AC8A5CA00AD11A9 /* Debug */ = {
			isa = XCBuildConfiguration;
			buildSettings = {
				ALWAYS_EMBED_SWIFT_STANDARD_LIBRARIES = YES;
				BUNDLE_LOADER = "$(TEST_HOST)";
				CODE_SIGN_STYLE = Automatic;
				CURRENT_PROJECT_VERSION = 1;
				GENERATE_INFOPLIST_FILE = YES;
				IPHONEOS_DEPLOYMENT_TARGET = 17.0;
				MARKETING_VERSION = 1.0;
				PRODUCT_BUNDLE_IDENTIFIER = tvu.WealthDoneTests;
				PRODUCT_NAME = "$(TARGET_NAME)";
				SWIFT_EMIT_LOC_STRINGS = NO;
				SWIFT_VERSION = 5.0;
				TARGETED_DEVICE_FAMILY = "1,2";
				TEST_HOST = "$(BUILT_PRODUCTS_DIR)/WealthDone.app/$(BUNDLE_EXECUTABLE_FOLDER_PATH)/WealthDone";
			};
			name = Debug;
		};
		CF53C21D2AC8A5CA00AD11A9 /* Release */ = {
			isa = XCBuildConfiguration;
			buildSettings = {
				ALWAYS_EMBED_SWIFT_STANDARD_LIBRARIES = YES;
				BUNDLE_LOADER = "$(TEST_HOST)";
				CODE_SIGN_STYLE = Automatic;
				CURRENT_PROJECT_VERSION = 1;
				GENERATE_INFOPLIST_FILE = YES;
				IPHONEOS_DEPLOYMENT_TARGET = 17.0;
				MARKETING_VERSION = 1.0;
				PRODUCT_BUNDLE_IDENTIFIER = tvu.WealthDoneTests;
				PRODUCT_NAME = "$(TARGET_NAME)";
				SWIFT_EMIT_LOC_STRINGS = NO;
				SWIFT_VERSION = 5.0;
				TARGETED_DEVICE_FAMILY = "1,2";
				TEST_HOST = "$(BUILT_PRODUCTS_DIR)/WealthDone.app/$(BUNDLE_EXECUTABLE_FOLDER_PATH)/WealthDone";
			};
			name = Release;
		};
		CF53C21F2AC8A5CA00AD11A9 /* Debug */ = {
			isa = XCBuildConfiguration;
			buildSettings = {
				ALWAYS_EMBED_SWIFT_STANDARD_LIBRARIES = YES;
				CODE_SIGN_STYLE = Automatic;
				CURRENT_PROJECT_VERSION = 1;
				GENERATE_INFOPLIST_FILE = YES;
				MARKETING_VERSION = 1.0;
				PRODUCT_BUNDLE_IDENTIFIER = tvu.WealthDoneUITests;
				PRODUCT_NAME = "$(TARGET_NAME)";
				SWIFT_EMIT_LOC_STRINGS = NO;
				SWIFT_VERSION = 5.0;
				TARGETED_DEVICE_FAMILY = "1,2";
				TEST_TARGET_NAME = WealthDone;
			};
			name = Debug;
		};
		CF53C2202AC8A5CA00AD11A9 /* Release */ = {
			isa = XCBuildConfiguration;
			buildSettings = {
				ALWAYS_EMBED_SWIFT_STANDARD_LIBRARIES = YES;
				CODE_SIGN_STYLE = Automatic;
				CURRENT_PROJECT_VERSION = 1;
				GENERATE_INFOPLIST_FILE = YES;
				MARKETING_VERSION = 1.0;
				PRODUCT_BUNDLE_IDENTIFIER = tvu.WealthDoneUITests;
				PRODUCT_NAME = "$(TARGET_NAME)";
				SWIFT_EMIT_LOC_STRINGS = NO;
				SWIFT_VERSION = 5.0;
				TARGETED_DEVICE_FAMILY = "1,2";
				TEST_TARGET_NAME = WealthDone;
			};
			name = Release;
		};
/* End XCBuildConfiguration section */

/* Begin XCConfigurationList section */
		CF53C1EF2AC8A5C900AD11A9 /* Build configuration list for PBXProject "WealthDone" */ = {
			isa = XCConfigurationList;
			buildConfigurations = (
				CF53C2162AC8A5CA00AD11A9 /* Debug */,
				CF53C2172AC8A5CA00AD11A9 /* Release */,
			);
			defaultConfigurationIsVisible = 0;
			defaultConfigurationName = Release;
		};
		CF53C2182AC8A5CA00AD11A9 /* Build configuration list for PBXNativeTarget "WealthDone" */ = {
			isa = XCConfigurationList;
			buildConfigurations = (
				CF53C2192AC8A5CA00AD11A9 /* Debug */,
				CF53C21A2AC8A5CA00AD11A9 /* Release */,
			);
			defaultConfigurationIsVisible = 0;
			defaultConfigurationName = Release;
		};
		CF53C21B2AC8A5CA00AD11A9 /* Build configuration list for PBXNativeTarget "WealthDoneTests" */ = {
			isa = XCConfigurationList;
			buildConfigurations = (
				CF53C21C2AC8A5CA00AD11A9 /* Debug */,
				CF53C21D2AC8A5CA00AD11A9 /* Release */,
			);
			defaultConfigurationIsVisible = 0;
			defaultConfigurationName = Release;
		};
		CF53C21E2AC8A5CA00AD11A9 /* Build configuration list for PBXNativeTarget "WealthDoneUITests" */ = {
			isa = XCConfigurationList;
			buildConfigurations = (
				CF53C21F2AC8A5CA00AD11A9 /* Debug */,
				CF53C2202AC8A5CA00AD11A9 /* Release */,
			);
			defaultConfigurationIsVisible = 0;
			defaultConfigurationName = Release;
		};
/* End XCConfigurationList section */
	};
	rootObject = CF53C1EC2AC8A5C900AD11A9 /* Project object */;
}
